
Microsoft Visual Studio Solution File, Format Version 12.00
# Visual Studio Version 16
VisualStudioVersion = 16.0.32929.386
MinimumVisualStudioVersion = 10.0.40219.1
Project("{FAE04EC0-301F-11D3-BF4B-00C04F79EFBC}") = "TikTok Downloader", "TikTok Downloader.csproj", "{4CEEC381-8082-4E80-BE62-410177B6EAF0}"
EndProject
Global
	GlobalSection(SolutionConfigurationPlatforms) = preSolution
		Debug|Any CPU = Debug|Any CPU
		Release|Any CPU = Release|Any CPU
	EndGlobalSection
	GlobalSection(ProjectConfigurationPlatforms) = postSolution
		{4CEEC381-8082-4E80-BE62-410177B6EAF0}.Debug|Any CPU.ActiveCfg = Debug|Any CPU
		{4CEEC381-8082-4E80-BE62-410177B6EAF0}.Debug|Any CPU.Build.0 = Debug|Any CPU
		{4CEEC381-8082-4E80-BE62-410177B6EAF0}.Release|Any CPU.ActiveCfg = Release|Any CPU
		{4CEEC381-8082-4E80-BE62-410177B6EAF0}.Release|Any CPU.Build.0 = Release|Any CPU
	EndGlobalSection
	GlobalSection(SolutionProperties) = preSolution
		HideSolutionNode = FALSE
	EndGlobalSection
	GlobalSection(ExtensibilityGlobals) = postSolution
		SolutionGuid = {FC5F310C-F39A-4C13-9514-7CDF2398CF4D}
	EndGlobalSection
EndGlobal
